
Microsoft Visual Studio Solution File, Format Version 12.00
# Visual Studio Version 17
VisualStudioVersion = 17.10.35004.147
MinimumVisualStudioVersion = 10.0.40219.1
Project("{FAE04EC0-301F-11D3-BF4B-00C04F79EFBC}") = "Game_DB_API", "Game_DB_API.csproj", "{D0DB87A2-DB0B-4EFD-8C02-D2E78B28AD26}"
EndProject
Global
	GlobalSection(SolutionConfigurationPlatforms) = preSolution
		Debug|Any CPU = Debug|Any CPU
		Release|Any CPU = Release|Any CPU
	EndGlobalSection
	GlobalSection(ProjectConfigurationPlatforms) = postSolution
		{D0DB87A2-DB0B-4EFD-8C02-D2E78B28AD26}.Debug|Any CPU.ActiveCfg = Debug|Any CPU
		{D0DB87A2-DB0B-4EFD-8C02-D2E78B28AD26}.Debug|Any CPU.Build.0 = Debug|Any CPU
		{D0DB87A2-DB0B-4EFD-8C02-D2E78B28AD26}.Release|Any CPU.ActiveCfg = Release|Any CPU
		{D0DB87A2-DB0B-4EFD-8C02-D2E78B28AD26}.Release|Any CPU.Build.0 = Release|Any CPU
	EndGlobalSection
	GlobalSection(SolutionProperties) = preSolution
		HideSolutionNode = FALSE
	EndGlobalSection
	GlobalSection(ExtensibilityGlobals) = postSolution
		SolutionGuid = {0E0FFB2F-015C-425B-8426-9283796E6F96}
	EndGlobalSection
EndGlobal
